
Microsoft Visual Studio Solution File, Format Version 12.00
# Visual Studio Version 17
VisualStudioVersion = 17.4.33205.214
MinimumVisualStudioVersion = 10.0.40219.1
Project("{9A19103F-16F7-4668-BE54-9A1E7A4F7556}") = "Gui", "Gui\Gui.csproj", "{0EC1F619-49C7-485B-8C89-727B6DF0B723}"
EndProject
Project("{9A19103F-16F7-4668-BE54-9A1E7A4F7556}") = "Core", "Core\Core.csproj", "{83DE975D-E140-4561-B3C4-BC7D43A88BD7}"
EndProject
Project("{9A19103F-16F7-4668-BE54-9A1E7A4F7556}") = "Application", "Application\Application.csproj", "{E909F9B8-6F48-4C7A-A29A-95450BB7C827}"
EndProject
Project("{9A19103F-16F7-4668-BE54-9A1E7A4F7556}") = "SdlGamepads", "SdlGamepads\SdlGamepads.csproj", "{70D9E00C-96F8-43C5-B5F5-090D25BD3413}"
EndProject
Project("{2150E333-8FDC-42A3-9474-1A3956D46DE8}") = "Packaging", "Packaging", "{4707B079-F27C-46F2-B1FA-7E34D4BAB7C0}"
EndProject
Project("{B7DD6F7E-DEF8-4E67-B5B7-07EF123DB6F0}") = "Windows", "Packaging\Windows\Windows.wixproj", "{489E9758-F88E-474E-8259-0B354F2177E3}"
	ProjectSection(ProjectDependencies) = postProject
		{0EC1F619-49C7-485B-8C89-727B6DF0B723} = {0EC1F619-49C7-485B-8C89-727B6DF0B723}
	EndProjectSection
EndProject
Global
	GlobalSection(SolutionConfigurationPlatforms) = preSolution
		Debug|Any CPU = Debug|Any CPU
		Debug|ARM = Debug|ARM
		Debug|ARM64 = Debug|ARM64
		Debug|x64 = Debug|x64
		Debug|x86 = Debug|x86
		Release|Any CPU = Release|Any CPU
		Release|ARM = Release|ARM
		Release|ARM64 = Release|ARM64
		Release|x64 = Release|x64
		Release|x86 = Release|x86
	EndGlobalSection
	GlobalSection(ProjectConfigurationPlatforms) = postSolution
		{0EC1F619-49C7-485B-8C89-727B6DF0B723}.Debug|Any CPU.ActiveCfg = Debug|Any CPU
		{0EC1F619-49C7-485B-8C89-727B6DF0B723}.Debug|Any CPU.Build.0 = Debug|Any CPU
		{0EC1F619-49C7-485B-8C89-727B6DF0B723}.Debug|ARM.ActiveCfg = Debug|Any CPU
		{0EC1F619-49C7-485B-8C89-727B6DF0B723}.Debug|ARM.Build.0 = Debug|Any CPU
		{0EC1F619-49C7-485B-8C89-727B6DF0B723}.Debug|ARM64.ActiveCfg = Debug|Any CPU
		{0EC1F619-49C7-485B-8C89-727B6DF0B723}.Debug|ARM64.Build.0 = Debug|Any CPU
		{0EC1F619-49C7-485B-8C89-727B6DF0B723}.Debug|x64.ActiveCfg = Debug|x64
		{0EC1F619-49C7-485B-8C89-727B6DF0B723}.Debug|x64.Build.0 = Debug|x64
		{0EC1F619-49C7-485B-8C89-727B6DF0B723}.Debug|x86.ActiveCfg = Debug|Any CPU
		{0EC1F619-49C7-485B-8C89-727B6DF0B723}.Debug|x86.Build.0 = Debug|Any CPU
		{0EC1F619-49C7-485B-8C89-727B6DF0B723}.Release|Any CPU.ActiveCfg = Release|Any CPU
		{0EC1F619-49C7-485B-8C89-727B6DF0B723}.Release|Any CPU.Build.0 = Release|Any CPU
		{0EC1F619-49C7-485B-8C89-727B6DF0B723}.Release|ARM.ActiveCfg = Release|Any CPU
		{0EC1F619-49C7-485B-8C89-727B6DF0B723}.Release|ARM.Build.0 = Release|Any CPU
		{0EC1F619-49C7-485B-8C89-727B6DF0B723}.Release|ARM64.ActiveCfg = Release|Any CPU
		{0EC1F619-49C7-485B-8C89-727B6DF0B723}.Release|ARM64.Build.0 = Release|Any CPU
		{0EC1F619-49C7-485B-8C89-727B6DF0B723}.Release|x64.ActiveCfg = Release|x64
		{0EC1F619-49C7-485B-8C89-727B6DF0B723}.Release|x64.Build.0 = Release|x64
		{0EC1F619-49C7-485B-8C89-727B6DF0B723}.Release|x86.ActiveCfg = Release|Any CPU
		{0EC1F619-49C7-485B-8C89-727B6DF0B723}.Release|x86.Build.0 = Release|Any CPU
		{83DE975D-E140-4561-B3C4-BC7D43A88BD7}.Debug|Any CPU.ActiveCfg = Debug|Any CPU
		{83DE975D-E140-4561-B3C4-BC7D43A88BD7}.Debug|Any CPU.Build.0 = Debug|Any CPU
		{83DE975D-E140-4561-B3C4-BC7D43A88BD7}.Debug|ARM.ActiveCfg = Debug|Any CPU
		{83DE975D-E140-4561-B3C4-BC7D43A88BD7}.Debug|ARM.Build.0 = Debug|Any CPU
		{83DE975D-E140-4561-B3C4-BC7D43A88BD7}.Debug|ARM64.ActiveCfg = Debug|Any CPU
		{83DE975D-E140-4561-B3C4-BC7D43A88BD7}.Debug|ARM64.Build.0 = Debug|Any CPU
		{83DE975D-E140-4561-B3C4-BC7D43A88BD7}.Debug|x64.ActiveCfg = Debug|x64
		{83DE975D-E140-4561-B3C4-BC7D43A88BD7}.Debug|x64.Build.0 = Debug|x64
		{83DE975D-E140-4561-B3C4-BC7D43A88BD7}.Debug|x86.ActiveCfg = Debug|Any CPU
		{83DE975D-E140-4561-B3C4-BC7D43A88BD7}.Debug|x86.Build.0 = Debug|Any CPU
		{83DE975D-E140-4561-B3C4-BC7D43A88BD7}.Release|Any CPU.ActiveCfg = Release|Any CPU
		{83DE975D-E140-4561-B3C4-BC7D43A88BD7}.Release|Any CPU.Build.0 = Release|Any CPU
		{83DE975D-E140-4561-B3C4-BC7D43A88BD7}.Release|ARM.ActiveCfg = Release|Any CPU
		{83DE975D-E140-4561-B3C4-BC7D43A88BD7}.Release|ARM.Build.0 = Release|Any CPU
		{83DE975D-E140-4561-B3C4-BC7D43A88BD7}.Release|ARM64.ActiveCfg = Release|Any CPU
		{83DE975D-E140-4561-B3C4-BC7D43A88BD7}.Release|ARM64.Build.0 = Release|Any CPU
		{83DE975D-E140-4561-B3C4-BC7D43A88BD7}.Release|x64.ActiveCfg = Release|x64
		{83DE975D-E140-4561-B3C4-BC7D43A88BD7}.Release|x64.Build.0 = Release|x64
		{83DE975D-E140-4561-B3C4-BC7D43A88BD7}.Release|x86.ActiveCfg = Release|Any CPU
		{83DE975D-E140-4561-B3C4-BC7D43A88BD7}.Release|x86.Build.0 = Release|Any CPU
		{E909F9B8-6F48-4C7A-A29A-95450BB7C827}.Debug|Any CPU.ActiveCfg = Debug|Any CPU
		{E909F9B8-6F48-4C7A-A29A-95450BB7C827}.Debug|Any CPU.Build.0 = Debug|Any CPU
		{E909F9B8-6F48-4C7A-A29A-95450BB7C827}.Debug|ARM.ActiveCfg = Debug|Any CPU
		{E909F9B8-6F48-4C7A-A29A-95450BB7C827}.Debug|ARM.Build.0 = Debug|Any CPU
		{E909F9B8-6F48-4C7A-A29A-95450BB7C827}.Debug|ARM64.ActiveCfg = Debug|Any CPU
		{E909F9B8-6F48-4C7A-A29A-95450BB7C827}.Debug|ARM64.Build.0 = Debug|Any CPU
		{E909F9B8-6F48-4C7A-A29A-95450BB7C827}.Debug|x64.ActiveCfg = Debug|x64
		{E909F9B8-6F48-4C7A-A29A-95450BB7C827}.Debug|x64.Build.0 = Debug|x64
		{E909F9B8-6F48-4C7A-A29A-95450BB7C827}.Debug|x86.ActiveCfg = Debug|Any CPU
		{E909F9B8-6F48-4C7A-A29A-95450BB7C827}.Debug|x86.Build.0 = Debug|Any CPU
		{E909F9B8-6F48-4C7A-A29A-95450BB7C827}.Release|Any CPU.ActiveCfg = Release|Any CPU
		{E909F9B8-6F48-4C7A-A29A-95450BB7C827}.Release|Any CPU.Build.0 = Release|Any CPU
		{E909F9B8-6F48-4C7A-A29A-95450BB7C827}.Release|ARM.ActiveCfg = Release|Any CPU
		{E909F9B8-6F48-4C7A-A29A-95450BB7C827}.Release|ARM.Build.0 = Release|Any CPU
		{E909F9B8-6F48-4C7A-A29A-95450BB7C827}.Release|ARM64.ActiveCfg = Release|Any CPU
		{E909F9B8-6F48-4C7A-A29A-95450BB7C827}.Release|ARM64.Build.0 = Release|Any CPU
		{E909F9B8-6F48-4C7A-A29A-95450BB7C827}.Release|x64.ActiveCfg = Release|x64
		{E909F9B8-6F48-4C7A-A29A-95450BB7C827}.Release|x64.Build.0 = Release|x64
		{E909F9B8-6F48-4C7A-A29A-95450BB7C827}.Release|x86.ActiveCfg = Release|Any CPU
		{E909F9B8-6F48-4C7A-A29A-95450BB7C827}.Release|x86.Build.0 = Release|Any CPU
		{70D9E00C-96F8-43C5-B5F5-090D25BD3413}.Debug|Any CPU.ActiveCfg = Debug|Any CPU
		{70D9E00C-96F8-43C5-B5F5-090D25BD3413}.Debug|Any CPU.Build.0 = Debug|Any CPU
		{70D9E00C-96F8-43C5-B5F5-090D25BD3413}.Debug|ARM.ActiveCfg = Debug|Any CPU
		{70D9E00C-96F8-43C5-B5F5-090D25BD3413}.Debug|ARM.Build.0 = Debug|Any CPU
		{70D9E00C-96F8-43C5-B5F5-090D25BD3413}.Debug|ARM64.ActiveCfg = Debug|Any CPU
		{70D9E00C-96F8-43C5-B5F5-090D25BD3413}.Debug|ARM64.Build.0 = Debug|Any CPU
		{70D9E00C-96F8-43C5-B5F5-090D25BD3413}.Debug|x64.ActiveCfg = Debug|x64
		{70D9E00C-96F8-43C5-B5F5-090D25BD3413}.Debug|x64.Build.0 = Debug|x64
		{70D9E00C-96F8-43C5-B5F5-090D25BD3413}.Debug|x86.ActiveCfg = Debug|Any CPU
		{70D9E00C-96F8-43C5-B5F5-090D25BD3413}.Debug|x86.Build.0 = Debug|Any CPU
		{70D9E00C-96F8-43C5-B5F5-090D25BD3413}.Release|Any CPU.ActiveCfg = Release|Any CPU
		{70D9E00C-96F8-43C5-B5F5-090D25BD3413}.Release|Any CPU.Build.0 = Release|Any CPU
		{70D9E00C-96F8-43C5-B5F5-090D25BD3413}.Release|ARM.ActiveCfg = Release|Any CPU
		{70D9E00C-96F8-43C5-B5F5-090D25BD3413}.Release|ARM.Build.0 = Release|Any CPU
		{70D9E00C-96F8-43C5-B5F5-090D25BD3413}.Release|ARM64.ActiveCfg = Release|Any CPU
		{70D9E00C-96F8-43C5-B5F5-090D25BD3413}.Release|ARM64.Build.0 = Release|Any CPU
		{70D9E00C-96F8-43C5-B5F5-090D25BD3413}.Release|x64.ActiveCfg = Release|x64
		{70D9E00C-96F8-43C5-B5F5-090D25BD3413}.Release|x64.Build.0 = Release|x64
		{70D9E00C-96F8-43C5-B5F5-090D25BD3413}.Release|x86.ActiveCfg = Release|Any CPU
		{70D9E00C-96F8-43C5-B5F5-090D25BD3413}.Release|x86.Build.0 = Release|Any CPU
		{489E9758-F88E-474E-8259-0B354F2177E3}.Debug|Any CPU.ActiveCfg = Debug|x64
		{489E9758-F88E-474E-8259-0B354F2177E3}.Debug|Any CPU.Build.0 = Debug|x64
		{489E9758-F88E-474E-8259-0B354F2177E3}.Debug|ARM.ActiveCfg = Debug|x64
		{489E9758-F88E-474E-8259-0B354F2177E3}.Debug|ARM.Build.0 = Debug|x64
		{489E9758-F88E-474E-8259-0B354F2177E3}.Debug|ARM64.ActiveCfg = Debug|ARM64
		{489E9758-F88E-474E-8259-0B354F2177E3}.Debug|ARM64.Build.0 = Debug|ARM64
		{489E9758-F88E-474E-8259-0B354F2177E3}.Debug|x64.ActiveCfg = Debug|x64
		{489E9758-F88E-474E-8259-0B354F2177E3}.Debug|x64.Build.0 = Debug|x64
		{489E9758-F88E-474E-8259-0B354F2177E3}.Debug|x86.ActiveCfg = Debug|x86
		{489E9758-F88E-474E-8259-0B354F2177E3}.Debug|x86.Build.0 = Debug|x86
		{489E9758-F88E-474E-8259-0B354F2177E3}.Release|Any CPU.ActiveCfg = Release|x64
		{489E9758-F88E-474E-8259-0B354F2177E3}.Release|Any CPU.Build.0 = Release|x64
		{489E9758-F88E-474E-8259-0B354F2177E3}.Release|ARM.ActiveCfg = Release|x64
		{489E9758-F88E-474E-8259-0B354F2177E3}.Release|ARM.Build.0 = Release|x64
		{489E9758-F88E-474E-8259-0B354F2177E3}.Release|ARM64.ActiveCfg = Release|ARM64
		{489E9758-F88E-474E-8259-0B354F2177E3}.Release|ARM64.Build.0 = Release|ARM64
		{489E9758-F88E-474E-8259-0B354F2177E3}.Release|x64.ActiveCfg = Release|x64
		{489E9758-F88E-474E-8259-0B354F2177E3}.Release|x64.Build.0 = Release|x64
		{489E9758-F88E-474E-8259-0B354F2177E3}.Release|x86.ActiveCfg = Release|x86
		{489E9758-F88E-474E-8259-0B354F2177E3}.Release|x86.Build.0 = Release|x86
	EndGlobalSection
	GlobalSection(SolutionProperties) = preSolution
		HideSolutionNode = FALSE
	EndGlobalSection
	GlobalSection(NestedProjects) = preSolution
		{489E9758-F88E-474E-8259-0B354F2177E3} = {4707B079-F27C-46F2-B1FA-7E34D4BAB7C0}
	EndGlobalSection
	GlobalSection(ExtensibilityGlobals) = postSolution
		SolutionGuid = {83B294C0-1FAE-49D5-85C8-5FB768F65282}
	EndGlobalSection
EndGlobal
